
Microsoft Visual Studio Solution File, Format Version 12.00
# Visual Studio Version 17
VisualStudioVersion = 17.0.31903.59
MinimumVisualStudioVersion = 10.0.40219.1
Project("{9A19103F-16F7-4668-BE54-9A1E7A4F7556}") = "Array", "Array\Array.csproj", "{2488FDF7-3898-4719-B9A1-F5178E7F4961}"
EndProject
Project("{9A19103F-16F7-4668-BE54-9A1E7A4F7556}") = "ArrayConsoleApp", "ArrayConsoleApp\ArrayConsoleApp.csproj", "{072856A4-61BD-45C0-85F2-E327A1D0BDCB}"
EndProject
Project("{9A19103F-16F7-4668-BE54-9A1E7A4F7556}") = "ArrayTests", "ArrayTests\ArrayTests.csproj", "{BB5C2939-C449-48E8-B7AD-BAD77F5B57C9}"
EndProject
Project("{2150E333-8FDC-42A3-9474-1A3956D46DE8}") = "LinkedList", "LinkedList", "{85537A5E-7474-4FC1-BB04-9B7E8AE9B12E}"
EndProject
Project("{9A19103F-16F7-4668-BE54-9A1E7A4F7556}") = "Singly", "Singly\Singly.csproj", "{41CA12EC-0241-47E3-953F-5A23EC99E942}"
EndProject
Project("{FAE04EC0-301F-11D3-BF4B-00C04F79EFBC}") = "CollectionConsoleApp", "CollectionConsoleApp\CollectionConsoleApp.csproj", "{B1B39218-9FA3-4090-872A-0B128B952A5A}"
EndProject
Project("{FAE04EC0-301F-11D3-BF4B-00C04F79EFBC}") = "Collectiontests", "Collectiontests\Collectiontests.csproj", "{55E4A781-2593-4065-8FB2-81283F345443}"
EndProject
Global
	GlobalSection(SolutionConfigurationPlatforms) = preSolution
		Debug|Any CPU = Debug|Any CPU
		Release|Any CPU = Release|Any CPU
	EndGlobalSection
	GlobalSection(ProjectConfigurationPlatforms) = postSolution
		{2488FDF7-3898-4719-B9A1-F5178E7F4961}.Debug|Any CPU.ActiveCfg = Debug|Any CPU
		{2488FDF7-3898-4719-B9A1-F5178E7F4961}.Debug|Any CPU.Build.0 = Debug|Any CPU
		{2488FDF7-3898-4719-B9A1-F5178E7F4961}.Release|Any CPU.ActiveCfg = Release|Any CPU
		{2488FDF7-3898-4719-B9A1-F5178E7F4961}.Release|Any CPU.Build.0 = Release|Any CPU
		{072856A4-61BD-45C0-85F2-E327A1D0BDCB}.Debug|Any CPU.ActiveCfg = Debug|Any CPU
		{072856A4-61BD-45C0-85F2-E327A1D0BDCB}.Debug|Any CPU.Build.0 = Debug|Any CPU
		{072856A4-61BD-45C0-85F2-E327A1D0BDCB}.Release|Any CPU.ActiveCfg = Release|Any CPU
		{072856A4-61BD-45C0-85F2-E327A1D0BDCB}.Release|Any CPU.Build.0 = Release|Any CPU
		{BB5C2939-C449-48E8-B7AD-BAD77F5B57C9}.Debug|Any CPU.ActiveCfg = Debug|Any CPU
		{BB5C2939-C449-48E8-B7AD-BAD77F5B57C9}.Debug|Any CPU.Build.0 = Debug|Any CPU
		{BB5C2939-C449-48E8-B7AD-BAD77F5B57C9}.Release|Any CPU.ActiveCfg = Release|Any CPU
		{BB5C2939-C449-48E8-B7AD-BAD77F5B57C9}.Release|Any CPU.Build.0 = Release|Any CPU
		{41CA12EC-0241-47E3-953F-5A23EC99E942}.Debug|Any CPU.ActiveCfg = Debug|Any CPU
		{41CA12EC-0241-47E3-953F-5A23EC99E942}.Debug|Any CPU.Build.0 = Debug|Any CPU
		{41CA12EC-0241-47E3-953F-5A23EC99E942}.Release|Any CPU.ActiveCfg = Release|Any CPU
		{41CA12EC-0241-47E3-953F-5A23EC99E942}.Release|Any CPU.Build.0 = Release|Any CPU
		{B1B39218-9FA3-4090-872A-0B128B952A5A}.Debug|Any CPU.ActiveCfg = Debug|Any CPU
		{B1B39218-9FA3-4090-872A-0B128B952A5A}.Debug|Any CPU.Build.0 = Debug|Any CPU
		{B1B39218-9FA3-4090-872A-0B128B952A5A}.Release|Any CPU.ActiveCfg = Release|Any CPU
		{B1B39218-9FA3-4090-872A-0B128B952A5A}.Release|Any CPU.Build.0 = Release|Any CPU
		{55E4A781-2593-4065-8FB2-81283F345443}.Debug|Any CPU.ActiveCfg = Debug|Any CPU
		{55E4A781-2593-4065-8FB2-81283F345443}.Debug|Any CPU.Build.0 = Debug|Any CPU
		{55E4A781-2593-4065-8FB2-81283F345443}.Release|Any CPU.ActiveCfg = Release|Any CPU
		{55E4A781-2593-4065-8FB2-81283F345443}.Release|Any CPU.Build.0 = Release|Any CPU
	EndGlobalSection
	GlobalSection(SolutionProperties) = preSolution
		HideSolutionNode = FALSE
	EndGlobalSection
	GlobalSection(NestedProjects) = preSolution
		{41CA12EC-0241-47E3-953F-5A23EC99E942} = {85537A5E-7474-4FC1-BB04-9B7E8AE9B12E}
	EndGlobalSection
	GlobalSection(ExtensibilityGlobals) = postSolution
		SolutionGuid = {EFF831F0-7B6F-4DD3-879A-78ED61724E75}
	EndGlobalSection
EndGlobal
